# THIS IS AN AUTOGENERATED FILE. DO NOT EDIT THIS FILE DIRECTLY.
# yarn lockfile v1


"@babel/core@^7.0.0", "@babel/core@^7.25.2":
  version "1.0.0"
  resolved "https://registry.yarnpkg.com/@babel/core/-/core-1.0.0.tgz#aaaaaaaaaaaaaaaaaaaaaaaaaaaaaaaaaaaaaaaa"
  integrity sha512-babelcore
  dependencies:
    "@babel/types" "^7.0.0"

gitdep@https://codeload.example/x.tgz:
  version "1.0.0"
  resolved "https://codeload.example/x.tgz"

left-pad@^1.3.0:
  version "1.0.0"
  resolved "https://registry.npmjs.org/left-pad/-/left-pad-1.0.0.tgz#bbbbbbbbbbbbbbbbbbbbbbbbbbbbbbbbbbbbbbbb"
  integrity sha512-leftpad

lodash@^4.17.0, lodash@^4.17.21:
  version "4.17.21"
  resolved "https://registry.npmjs.org/lodash/-/lodash-1.0.0.tgz#cccccccccccccccccccccccccccccccccccccccc"
  integrity sha512-lodash

ms@2.1.3:
  version "2.1.3"
  resolved "https://registry.yarnpkg.com/ms/-/ms-1.0.0.tgz#dddddddddddddddddddddddddddddddddddddddd"
  integrity sha512-ms

react-dom@^18.3.1:
  version "1.0.0"
  resolved "https://registry.npmjs.org/react-dom/-/react-dom-1.0.0.tgz#eeeeeeeeeeeeeeeeeeeeeeeeeeeeeeeeeeeeeeee"
  integrity sha512-reactdom
  dependencies:
    react "^18.3.1"

react@^18.3.1:
  version "1.0.0"
  resolved "https://registry.npmjs.org/react/-/react-1.0.0.tgz#ffffffffffffffffffffffffffffffffffffffff"
  integrity sha512-react

tampered@1.0.0:
  version "1.0.0"
  resolved "https://registry.npmjs.org/tampered/-/tampered-1.0.0.tgz#1111111111111111111111111111111111111111"
  integrity sha512-bad
